
Microsoft Visual Studio Solution File, Format Version 12.00
# Visual Studio Version 16
VisualStudioVersion = 16.0.30128.74
MinimumVisualStudioVersion = 15.0.26124.0
Project("{FAE04EC0-301F-11D3-BF4B-00C04F79EFBC}") = "Benchmark", "Benchmark\Benchmark.csproj", "{1BD294B0-E99B-403C-AB8D-60CD3BA4D429}"
EndProject
Global
	GlobalSection(SolutionConfigurationPlatforms) = preSolution
		Debug|Any CPU = Debug|Any CPU
		Debug|x64 = Debug|x64
		Debug|x86 = Debug|x86
		Release|Any CPU = Release|Any CPU
		Release|x64 = Release|x64
		Release|x86 = Release|x86
	EndGlobalSection
	GlobalSection(ProjectConfigurationPlatforms) = postSolution
		{1BD294B0-E99B-403C-AB8D-60CD3BA4D429}.Debug|Any CPU.ActiveCfg = Debug|Any CPU
		{1BD294B0-E99B-403C-AB8D-60CD3BA4D429}.Debug|Any CPU.Build.0 = Debug|Any CPU
		{1BD294B0-E99B-403C-AB8D-60CD3BA4D429}.Debug|x64.ActiveCfg = Debug|Any CPU
		{1BD294B0-E99B-403C-AB8D-60CD3BA4D429}.Debug|x64.Build.0 = Debug|Any CPU
		{1BD294B0-E99B-403C-AB8D-60CD3BA4D429}.Debug|x86.ActiveCfg = Debug|Any CPU
		{1BD294B0-E99B-403C-AB8D-60CD3BA4D429}.Debug|x86.Build.0 = Debug|Any CPU
		{1BD294B0-E99B-403C-AB8D-60CD3BA4D429}.Release|Any CPU.ActiveCfg = Release|Any CPU
		{1BD294B0-E99B-403C-AB8D-60CD3BA4D429}.Release|Any CPU.Build.0 = Release|Any CPU
		{1BD294B0-E99B-403C-AB8D-60CD3BA4D429}.Release|x64.ActiveCfg = Release|Any CPU
		{1BD294B0-E99B-403C-AB8D-60CD3BA4D429}.Release|x64.Build.0 = Release|Any CPU
		{1BD294B0-E99B-403C-AB8D-60CD3BA4D429}.Release|x86.ActiveCfg = Release|Any CPU
		{1BD294B0-E99B-403C-AB8D-60CD3BA4D429}.Release|x86.Build.0 = Release|Any CPU
	EndGlobalSection
	GlobalSection(SolutionProperties) = preSolution
		HideSolutionNode = FALSE
	EndGlobalSection
	GlobalSection(ExtensibilityGlobals) = postSolution
		SolutionGuid = {62730F30-FEE7-46FA-82F1-DAC6CC116C0F}
	EndGlobalSection
EndGlobal
