
Microsoft Visual Studio Solution File, Format Version 12.00
# Visual Studio Version 16
VisualStudioVersion = 16.0.30011.22
MinimumVisualStudioVersion = 10.0.40219.1
Project("{FAE04EC0-301F-11D3-BF4B-00C04F79EFBC}") = "LowLevelExercises.Core", "LowLevelExercises.Core\LowLevelExercises.Core.csproj", "{68A8C4F1-A333-4611-8290-CC30B1CC18BC}"
EndProject
Project("{FAE04EC0-301F-11D3-BF4B-00C04F79EFBC}") = "LowLevelExercises.Tests", "LowLevelExercises.Tests\LowLevelExercises.Tests.csproj", "{464F5F6B-1AF9-4A25-B46A-447BFF96CB45}"
EndProject
Global
	GlobalSection(SolutionConfigurationPlatforms) = preSolution
		Debug|Any CPU = Debug|Any CPU
		Release|Any CPU = Release|Any CPU
	EndGlobalSection
	GlobalSection(ProjectConfigurationPlatforms) = postSolution
		{68A8C4F1-A333-4611-8290-CC30B1CC18BC}.Debug|Any CPU.ActiveCfg = Debug|Any CPU
		{68A8C4F1-A333-4611-8290-CC30B1CC18BC}.Debug|Any CPU.Build.0 = Debug|Any CPU
		{68A8C4F1-A333-4611-8290-CC30B1CC18BC}.Release|Any CPU.ActiveCfg = Release|Any CPU
		{68A8C4F1-A333-4611-8290-CC30B1CC18BC}.Release|Any CPU.Build.0 = Release|Any CPU
		{464F5F6B-1AF9-4A25-B46A-447BFF96CB45}.Debug|Any CPU.ActiveCfg = Debug|Any CPU
		{464F5F6B-1AF9-4A25-B46A-447BFF96CB45}.Debug|Any CPU.Build.0 = Debug|Any CPU
		{464F5F6B-1AF9-4A25-B46A-447BFF96CB45}.Release|Any CPU.ActiveCfg = Release|Any CPU
		{464F5F6B-1AF9-4A25-B46A-447BFF96CB45}.Release|Any CPU.Build.0 = Release|Any CPU
	EndGlobalSection
	GlobalSection(SolutionProperties) = preSolution
		HideSolutionNode = FALSE
	EndGlobalSection
	GlobalSection(ExtensibilityGlobals) = postSolution
		SolutionGuid = {3BA548EF-8139-41AF-9937-E37FECD02826}
	EndGlobalSection
EndGlobal
