
Microsoft Visual Studio Solution File, Format Version 12.00
# Visual Studio Version 16
VisualStudioVersion = 16.0.29806.167
MinimumVisualStudioVersion = 10.0.40219.1
Project("{FAE04EC0-301F-11D3-BF4B-00C04F79EFBC}") = "TaskCombinatorsExercises", "TaskCombinatorsExercises\TaskCombinatorsExercises.csproj", "{02515DC4-CEF5-4175-97F2-935621DCEFCF}"
EndProject
Project("{FAE04EC0-301F-11D3-BF4B-00C04F79EFBC}") = "TaskCombinatorsExercises.Core", "TaskCombinatorsExercises.Core\TaskCombinatorsExercises.Core.csproj", "{A6D7CDDB-79DC-416F-972D-E8D2E2270EEF}"
EndProject
Project("{FAE04EC0-301F-11D3-BF4B-00C04F79EFBC}") = "TaskCombinatorsExercises.Tests", "TaskCombinatorsExercises.Tests\TaskCombinatorsExercises.Tests.csproj", "{98CDEDB5-F7BF-44DA-9A4F-18989DDE18CB}"
EndProject
Global
	GlobalSection(SolutionConfigurationPlatforms) = preSolution
		Debug|Any CPU = Debug|Any CPU
		Release|Any CPU = Release|Any CPU
	EndGlobalSection
	GlobalSection(ProjectConfigurationPlatforms) = postSolution
		{02515DC4-CEF5-4175-97F2-935621DCEFCF}.Debug|Any CPU.ActiveCfg = Debug|Any CPU
		{02515DC4-CEF5-4175-97F2-935621DCEFCF}.Debug|Any CPU.Build.0 = Debug|Any CPU
		{02515DC4-CEF5-4175-97F2-935621DCEFCF}.Release|Any CPU.ActiveCfg = Release|Any CPU
		{02515DC4-CEF5-4175-97F2-935621DCEFCF}.Release|Any CPU.Build.0 = Release|Any CPU
		{A6D7CDDB-79DC-416F-972D-E8D2E2270EEF}.Debug|Any CPU.ActiveCfg = Debug|Any CPU
		{A6D7CDDB-79DC-416F-972D-E8D2E2270EEF}.Debug|Any CPU.Build.0 = Debug|Any CPU
		{A6D7CDDB-79DC-416F-972D-E8D2E2270EEF}.Release|Any CPU.ActiveCfg = Release|Any CPU
		{A6D7CDDB-79DC-416F-972D-E8D2E2270EEF}.Release|Any CPU.Build.0 = Release|Any CPU
		{98CDEDB5-F7BF-44DA-9A4F-18989DDE18CB}.Debug|Any CPU.ActiveCfg = Debug|Any CPU
		{98CDEDB5-F7BF-44DA-9A4F-18989DDE18CB}.Debug|Any CPU.Build.0 = Debug|Any CPU
		{98CDEDB5-F7BF-44DA-9A4F-18989DDE18CB}.Release|Any CPU.ActiveCfg = Release|Any CPU
		{98CDEDB5-F7BF-44DA-9A4F-18989DDE18CB}.Release|Any CPU.Build.0 = Release|Any CPU
	EndGlobalSection
	GlobalSection(SolutionProperties) = preSolution
		HideSolutionNode = FALSE
	EndGlobalSection
	GlobalSection(ExtensibilityGlobals) = postSolution
		SolutionGuid = {C700D8F6-351B-4E48-91C7-09EA20F663E5}
	EndGlobalSection
EndGlobal
